hash: b1d230440256afb57475ecd672288899e5b8dcecb4c9575d40256e0703dbda84
updated: 2020-05-06T18:04:01.524752848-04:00
imports:
- name: cloud.google.com/go
  version: 3b1ae45394a234c385be014e9a488f2bb6eef821
  subpackages:
  - compute/metadata
  - internal
- name: github.com/arschles/assert
  version: 6882f85ccdc7c1822b146d1a6b0c2c48f91b5140
- name: github.com/aws/aws-sdk-go
  version: f831d5a0822a1ad72420ab18c6269bca1ddaf490
  subpackages:
  - aws
  - aws/awserr
  - aws/awsutil
  - aws/client
  - aws/client/metadata
  - aws/corehandlers
  - aws/credentials
  - aws/credentials/ec2rolecreds
  - aws/credentials/endpointcreds
  - aws/credentials/stscreds
  - aws/csm
  - aws/defaults
  - aws/ec2metadata
  - aws/endpoints
  - aws/request
  - aws/session
  - aws/signer/v4
  - internal/sdkio
  - internal/sdkrand
  - internal/sdkuri
  - internal/shareddefaults
  - private/protocol
  - private/protocol/eventstream
  - private/protocol/eventstream/eventstreamapi
  - private/protocol/json/jsonutil
  - private/protocol/jsonrpc
  - private/protocol/query
  - private/protocol/query/queryutil
  - private/protocol/rest
  - private/protocol/restxml
  - private/protocol/xml/xmlutil
  - service/ecr
  - service/s3
  - service/sts
- name: github.com/Azure/azure-sdk-for-go
  version: 0984e0641ae43b89283223034574d6465be93bf4
  subpackages:
  - storage
- name: github.com/beorn7/perks
  version: 3ac7bf7a47d159a033b107610db8a1b6575507a4
  subpackages:
  - quantile
- name: github.com/blang/semver
  version: 31b736133b98f26d5e078ec9eb591666edfd091f
- name: github.com/codegangsta/cli
  version: a65b733b303f0055f8d324d805f393cd3e7a7904
- name: github.com/coreos/go-oidc
  version: 5cf2aa52da8c574d3aa4458f471ad6ae2240fe6b
  subpackages:
  - http
  - jose
  - key
  - oauth2
  - oidc
- name: github.com/coreos/go-systemd
  version: 4484981625c1a6a2ecb40a390fcb6a9bcfee76e3
  subpackages:
  - activation
  - daemon
  - dbus
  - journal
  - unit
  - util
- name: github.com/coreos/pkg
  version: fa29b1d70f0beaddd4c7021607cc3c3be8ce94b8
  subpackages:
  - capnslog
  - dlopen
  - health
  - httputil
  - timeutil
- name: github.com/davecgh/go-spew
  version: 5215b55f46b2b919f50a1df0eaa5886afe4e3b3d
  subpackages:
  - spew
- name: github.com/docker/distribution
  version: c77f65b80cb8579cde5e2ba38fdeb92c08827698
  repo: https://github.com/teamhephy/distribution
  vcs: git
  subpackages:
  - context
  - digestset
  - metrics
  - reference
  - registry/client/transport
  - registry/storage/driver
  - registry/storage/driver/azure
  - registry/storage/driver/base
  - registry/storage/driver/factory
  - registry/storage/driver/gcs
  - registry/storage/driver/inmemory
  - registry/storage/driver/s3-aws
  - registry/storage/driver/swift
  - uuid
  - version
- name: github.com/docker/go-metrics
  version: b619b3592b65de4f087d9f16863a7e6ff905973c
- name: github.com/emicklei/go-restful
  version: 89ef8af493ab468a45a42bb0d89a06fccdd2fb22
  subpackages:
  - log
  - swagger
- name: github.com/ghodss/yaml
  version: 73d445a93680fa1a78ae23a5839bad48f32ba1ee
- name: github.com/go-ini/ini
  version: 2e44421e256d82ebbf3d4d4fcabe8930b905eff3
- name: github.com/gogo/protobuf
  version: e18d7aa8f8c624c915db340349aad4c49b10d173
  subpackages:
  - gogoproto
  - plugin/compare
  - plugin/defaultcheck
  - plugin/description
  - plugin/embedcheck
  - plugin/enumstringer
  - plugin/equal
  - plugin/face
  - plugin/gostring
  - plugin/marshalto
  - plugin/oneofcheck
  - plugin/populate
  - plugin/size
  - plugin/stringer
  - plugin/testgen
  - plugin/union
  - plugin/unmarshal
  - proto
  - protoc-gen-gogo/descriptor
  - protoc-gen-gogo/generator
  - protoc-gen-gogo/grpc
  - protoc-gen-gogo/plugin
  - sortkeys
  - vanity
  - vanity/command
- name: github.com/golang/glog
  version: 44145f04b68cf362d9c4df2182967c2275eaefed
- name: github.com/golang/protobuf
  version: 1b794fe86dd6a0c7c52ae69b5c9cb0aeedc52afa
  subpackages:
  - proto
  - ptypes
  - ptypes/any
  - ptypes/duration
  - ptypes/timestamp
- name: github.com/google/cadvisor
  version: a726d13de8cb32860e73d72a78dc8e0124267709
  subpackages:
  - api
  - cache/memory
  - client/v2
  - collector
  - container
  - container/common
  - container/docker
  - container/libcontainer
  - container/raw
  - container/rkt
  - container/systemd
  - devicemapper
  - events
  - fs
  - healthz
  - http
  - http/mux
  - info/v1
  - info/v1/test
  - info/v2
  - machine
  - manager
  - manager/watcher
  - manager/watcher/raw
  - manager/watcher/rkt
  - metrics
  - pages
  - pages/static
  - storage
  - summary
  - utils
  - utils/cloudinfo
  - utils/cpuload
  - utils/cpuload/netlink
  - utils/docker
  - utils/oomparser
  - utils/sysfs
  - utils/sysinfo
  - utils/tail
  - validate
  - version
- name: github.com/google/gofuzz
  version: bbcb9da2d746f8bdbd6a936686a0a6067ada0ec5
- name: github.com/googleapis/gax-go
  version: be11bb253a768098254dc71e95d1a81ced778de3
  subpackages:
  - v2
- name: github.com/gorilla/context
  version: 215affda49addc4c8ef7e2534915df2c8c35c6cd
- name: github.com/gorilla/mux
  version: e444e69cbd2e2e3e0749a2f3c717cec491552bbf
- name: github.com/goware/urlx
  version: 8ce059c8488383d3d5d917e99b51e5487b012698
- name: github.com/hashicorp/golang-lru
  version: a0d98a5f288019575c6d1f4bb1573fef2d1fcdc4
  subpackages:
  - simplelru
- name: github.com/jmespath/go-jmespath
  version: 3433f3ea46d9f8019119e7dd41274e112a2359a9
- name: github.com/jonboulle/clockwork
  version: 72f9bd7c4e0c2a40055ab3d0f09654f730cce982
- name: github.com/juju/ratelimit
  version: 77ed1c8a01217656d2080ad51981f6e99adaa177
- name: github.com/kelseyhightower/envconfig
  version: 0b417c4ec4a8a82eecc22a1459a504aa55163d61
- name: github.com/konsorten/go-windows-terminal-sequences
  version: edb144dfd453055e1e49a3d8b410a660b5a87613
- name: github.com/matttproud/golang_protobuf_extensions
  version: fc2b8d3a73c4867e51861bbdd5ae3c1f0869dd6a
  subpackages:
  - pbutil
- name: github.com/mitchellh/mapstructure
  version: 14428cd8e72132155ec2f0f13c4eb93ffe620f7c
- name: github.com/ncw/swift
  version: 10cc4abfa7125aeaa6de57dd9ea6805c5b37285b
- name: github.com/opencontainers/go-digest
  version: 4b560741809dd10de7b455081e356258c70270d0
- name: github.com/pborman/uuid
  version: ca53cad383cad2479bbba7f7a1a05797ec1386e4
- name: github.com/prometheus/client_golang
  version: abad2d1bd44235a26707c172eab6bca5bf2dbad3
  subpackages:
  - prometheus
  - prometheus/internal
  - prometheus/promhttp
- name: github.com/prometheus/client_model
  version: fa8ad6fec33561be4280a8f0514318c79d7f6cb6
  subpackages:
  - go
- name: github.com/prometheus/common
  version: 2998b132700a7d019ff618c06a234b47c1f3f681
  subpackages:
  - expfmt
  - internal/bitbucket.org/ww/goautoneg
  - model
- name: github.com/prometheus/procfs
  version: 454a56f35412459b5e684fd5ec0f9211b94f002a
- name: github.com/PuerkitoBio/purell
  version: 8a290539e2e8629dbc4e6bad948158f790ec31f4
- name: github.com/PuerkitoBio/urlesc
  version: 5bd2802263f21d8788851d5305584c82a5c75d7e
- name: github.com/sirupsen/logrus
  version: 60c74ad9be0d874af0ab0daef6ab07c5c5911f0d
- name: github.com/spf13/pflag
  version: 8e7dc108ab3a1ab6ce6d922bbaff5657b88e8e49
  repo: https://github.com/spf13/pflag
  vcs: git
- name: github.com/teamhephy/controller-sdk-go
  version: a1ffb4886a5f7f92fdd710b99e68c2555b74a703
  subpackages:
  - api
  - hooks
  - pkg/time
- name: github.com/teamhephy/pkg
  version: 777f37a30108edaf6a2bd4e423cde34ec12870fd
  subpackages:
  - log
  - prettyprint
  - time
- name: github.com/ugorji/go
  version: f1f1a805ed361a0e078bb537e4ea78cd37dcf065
  subpackages:
  - codec
  - codec/codecgen
- name: go.opencensus.io
  version: df6e2001952312404b06f5f6f03fcb4aec1648e5
  subpackages:
  - internal
  - internal/tagencoding
  - metric/metricdata
  - metric/metricproducer
  - plugin/ochttp
  - plugin/ochttp/propagation/b3
  - resource
  - stats
  - stats/internal
  - stats/view
  - tag
  - trace
  - trace/internal
  - trace/propagation
  - trace/tracestate
- name: golang.org/x/crypto
  version: 453249f01cfeb54c3d549ddb75ff152ca243f9d8
  subpackages:
  - curve25519
  - ed25519
  - ed25519/internal/edwards25519
  - ssh
- name: golang.org/x/net
  version: 49e6db1c9ed2b2fdbc57fd579f0ca8f6082350be
  subpackages:
  - context
  - context/ctxhttp
  - http2
  - http2/hpack
  - idna
  - internal/timeseries
  - lex/httplex
  - trace
- name: golang.org/x/oauth2
  version: 3c3a985cb79f52a3190fbc056984415ca6763d01
  subpackages:
  - google
  - internal
  - jws
  - jwt
- name: golang.org/x/sys
  version: 9c60d1c508f5134d1ca726b4641db998f2523357
  subpackages:
  - unix
- name: golang.org/x/text
  version: c4d099d611ac3ded35360abf03581e13d91c828f
  subpackages:
  - cases
  - internal
  - internal/tag
  - language
  - runes
  - secure/bidirule
  - secure/precis
  - transform
  - unicode/bidi
  - unicode/norm
  - width
- name: google.golang.org/api
  version: b8fc810ca6b55409cf098c3cde6de6e97a6f52b2
  repo: https://code.googlesource.com/google-api-go-client
  vcs: git
  subpackages:
  - googleapi
  - googleapi/transport
  - internal
  - internal/gensupport
  - internal/third_party/uritemplates
  - option
  - storage/v1
  - transport/http
  - transport/http/internal/propagation
- name: google.golang.org/appengine
  version: 4f7eeb5305a4ba1966344836ba4af9996b7b4e05
  subpackages:
  - internal
  - internal/app_identity
  - internal/base
  - internal/datastore
  - internal/log
  - internal/modules
  - internal/remote_api
  - internal/urlfetch
  - urlfetch
- name: google.golang.org/cloud
  version: eb47ba841d53d93506cfbfbc03927daf9cc48f88
  subpackages:
  - internal
  - internal/opts
  - internal/transport
  - storage
- name: google.golang.org/genproto
  version: b979b6f78d84775ef7a93ffc8034924947960f29
  subpackages:
  - googleapis/rpc/status
- name: google.golang.org/grpc
  version: 84671c5e11bfb5b7c237ff1799a660ff11a518d2
  subpackages:
  - codes
  - connectivity
  - credentials
  - credentials/oauth
  - grpclb/grpc_lb_v1/messages
  - grpclog
  - internal
  - keepalive
  - metadata
  - naming
  - peer
  - stats
  - status
  - tap
  - transport
- name: google.golang.org/protobuf
  version: 1f5b6fe64530cac2061a3d315b7e44966b1a200b
  subpackages:
  - encoding/prototext
  - encoding/protowire
  - internal/descfmt
  - internal/descopts
  - internal/detrand
  - internal/encoding/defval
  - internal/encoding/messageset
  - internal/encoding/tag
  - internal/encoding/text
  - internal/errors
  - internal/fieldnum
  - internal/fieldsort
  - internal/filedesc
  - internal/filetype
  - internal/flags
  - internal/genname
  - internal/impl
  - internal/mapsort
  - internal/pragma
  - internal/set
  - internal/strs
  - internal/version
  - proto
  - reflect/protoreflect
  - reflect/protoregistry
  - runtime/protoiface
  - runtime/protoimpl
  - types/known/anypb
  - types/known/durationpb
  - types/known/timestamppb
- name: gopkg.in/inf.v0
  version: 3887ee99ecf07df5b447e9b00d9c0b2adaa9f3e4
- name: gopkg.in/yaml.v2
  version: eca94c41d994ae2215d455ce578ae6e2dc6ee516
- name: k8s.io/client-go
  version: e5fcd1eb6215fb420fbfc95d7e2b3b672ab5d8e8
  subpackages:
  - 1.4/pkg/api
  - 1.4/pkg/api/endpoints
  - 1.4/pkg/api/errors
  - 1.4/pkg/api/meta
  - 1.4/pkg/api/meta/metatypes
  - 1.4/pkg/api/pod
  - 1.4/pkg/api/resource
  - 1.4/pkg/api/service
  - 1.4/pkg/api/unversioned
  - 1.4/pkg/api/unversioned/validation
  - 1.4/pkg/api/util
  - 1.4/pkg/api/v1
  - 1.4/pkg/api/validation
  - 1.4/pkg/apimachinery
  - 1.4/pkg/apimachinery/registered
  - 1.4/pkg/apis/autoscaling
  - 1.4/pkg/apis/batch
  - 1.4/pkg/apis/extensions
  - 1.4/pkg/auth/user
  - 1.4/pkg/capabilities
  - 1.4/pkg/conversion
  - 1.4/pkg/conversion/queryparams
  - 1.4/pkg/fields
  - 1.4/pkg/labels
  - 1.4/pkg/runtime
  - 1.4/pkg/runtime/serializer
  - 1.4/pkg/runtime/serializer/json
  - 1.4/pkg/runtime/serializer/protobuf
  - 1.4/pkg/runtime/serializer/recognizer
  - 1.4/pkg/runtime/serializer/streaming
  - 1.4/pkg/runtime/serializer/versioning
  - 1.4/pkg/security/apparmor
  - 1.4/pkg/selection
  - 1.4/pkg/third_party/forked/golang/reflect
  - 1.4/pkg/types
  - 1.4/pkg/util
  - 1.4/pkg/util/clock
  - 1.4/pkg/util/config
  - 1.4/pkg/util/crypto
  - 1.4/pkg/util/errors
  - 1.4/pkg/util/flowcontrol
  - 1.4/pkg/util/framer
  - 1.4/pkg/util/hash
  - 1.4/pkg/util/integer
  - 1.4/pkg/util/intstr
  - 1.4/pkg/util/json
  - 1.4/pkg/util/labels
  - 1.4/pkg/util/net
  - 1.4/pkg/util/net/sets
  - 1.4/pkg/util/parsers
  - 1.4/pkg/util/rand
  - 1.4/pkg/util/runtime
  - 1.4/pkg/util/sets
  - 1.4/pkg/util/uuid
  - 1.4/pkg/util/validation
  - 1.4/pkg/util/validation/field
  - 1.4/pkg/util/wait
  - 1.4/pkg/util/yaml
  - 1.4/pkg/version
  - 1.4/pkg/watch
  - 1.4/pkg/watch/versioned
  - 1.4/rest
  - 1.4/tools/clientcmd/api
  - 1.4/tools/metrics
  - 1.4/transport
- name: k8s.io/kubernetes
  version: 19e81afecf5eb2b7838c35e2cbf776aff04dc34c
  subpackages:
  - pkg/api
  - pkg/api/endpoints
  - pkg/api/errors
  - pkg/api/install
  - pkg/api/meta
  - pkg/api/meta/metatypes
  - pkg/api/pod
  - pkg/api/resource
  - pkg/api/service
  - pkg/api/unversioned
  - pkg/api/unversioned/validation
  - pkg/api/util
  - pkg/api/v1
  - pkg/api/validation
  - pkg/apimachinery
  - pkg/apimachinery/registered
  - pkg/apis/apps
  - pkg/apis/apps/install
  - pkg/apis/apps/v1alpha1
  - pkg/apis/authentication
  - pkg/apis/authentication/install
  - pkg/apis/authentication/v1beta1
  - pkg/apis/authorization
  - pkg/apis/authorization/install
  - pkg/apis/authorization/v1beta1
  - pkg/apis/autoscaling
  - pkg/apis/autoscaling/install
  - pkg/apis/autoscaling/v1
  - pkg/apis/batch
  - pkg/apis/batch/install
  - pkg/apis/batch/v1
  - pkg/apis/batch/v2alpha1
  - pkg/apis/certificates
  - pkg/apis/certificates/install
  - pkg/apis/certificates/v1alpha1
  - pkg/apis/componentconfig
  - pkg/apis/componentconfig/install
  - pkg/apis/componentconfig/v1alpha1
  - pkg/apis/extensions
  - pkg/apis/extensions/install
  - pkg/apis/extensions/v1beta1
  - pkg/apis/policy
  - pkg/apis/policy/install
  - pkg/apis/policy/v1alpha1
  - pkg/apis/rbac
  - pkg/apis/rbac/install
  - pkg/apis/rbac/v1alpha1
  - pkg/apis/storage
  - pkg/apis/storage/install
  - pkg/apis/storage/v1beta1
  - pkg/auth/user
  - pkg/capabilities
  - pkg/client/cache
  - pkg/client/metrics
  - pkg/client/restclient
  - pkg/client/transport
  - pkg/client/typed/discovery
  - pkg/client/unversioned
  - pkg/client/unversioned/clientcmd/api
  - pkg/conversion
  - pkg/conversion/queryparams
  - pkg/fields
  - pkg/kubelet/qos
  - pkg/kubelet/types
  - pkg/labels
  - pkg/master/ports
  - pkg/runtime
  - pkg/runtime/serializer
  - pkg/runtime/serializer/json
  - pkg/runtime/serializer/protobuf
  - pkg/runtime/serializer/recognizer
  - pkg/runtime/serializer/streaming
  - pkg/runtime/serializer/versioning
  - pkg/security/apparmor
  - pkg/selection
  - pkg/types
  - pkg/util
  - pkg/util/clock
  - pkg/util/config
  - pkg/util/crypto
  - pkg/util/errors
  - pkg/util/flowcontrol
  - pkg/util/framer
  - pkg/util/hash
  - pkg/util/integer
  - pkg/util/intstr
  - pkg/util/json
  - pkg/util/labels
  - pkg/util/net
  - pkg/util/net/sets
  - pkg/util/parsers
  - pkg/util/rand
  - pkg/util/runtime
  - pkg/util/sets
  - pkg/util/uuid
  - pkg/util/validation
  - pkg/util/validation/field
  - pkg/util/wait
  - pkg/util/yaml
  - pkg/version
  - pkg/watch
  - pkg/watch/versioned
  - plugin/pkg/client/auth
  - plugin/pkg/client/auth/gcp
  - plugin/pkg/client/auth/oidc
  - third_party/forked/golang/reflect
- name: speter.net/go/exp/math/dec/inf
  version: 46a40649338836f5d25521ce343379da79ef2184
  repo: https://github.com/belua/inf
  vcs: git
testImports: []
